<?xml version="1.0" encoding="utf-8"?>
<Project ToolsVersion="4.0" xmlns="http://schemas.microsoft.com/developer/msbuild/2003">
  <ItemGroup>
    <ClCompile Include="Pch.cpp" />
    <ClCompile Include="Scene.cpp">
      <Filter>Scene</Filter>
    </ClCompile>
    <ClCompile Include="Material.cpp">
      <Filter>Scene</Filter>
    </ClCompile>
    <ClCompile Include="Mesh.cpp">
      <Filter>Scene</Filter>
    </ClCompile>
    <ClCompile Include="Instance.cpp">
      <Filter>Scene</Filter>
    </ClCompile>
    <ClCompile Include="SceneFactory.cpp">
      <Filter>Scene</Filter>
    </ClCompile>
    <ClCompile Include="Light.cpp">
      <Filter>Scene</Filter>
    </ClCompile>
    <ClCompile Include="RaytracingDevice.cpp">
      <Filter>Devices</Filter>
    </ClCompile>
    <ClCompile Include="BakingFactory.cpp">
      <Filter>Baker</Filter>
    </ClCompile>
    <ClCompile Include="Bitmap.cpp">
      <Filter>Bitmap</Filter>
    </ClCompile>
    <ClCompile Include="Main.cpp" />
    <ClCompile Include="GIBaker.cpp">
      <Filter>Baker\Subclasses</Filter>
    </ClCompile>
    <ClCompile Include="LightFieldBaker.cpp">
      <Filter>Baker\Subclasses</Filter>
    </ClCompile>
    <ClCompile Include="SGGIBaker.cpp">
      <Filter>Baker\Subclasses</Filter>
    </ClCompile>
    <ClCompile Include="SHLightFieldBaker.cpp">
      <Filter>Baker\Subclasses</Filter>
    </ClCompile>
    <ClCompile Include="LightField.cpp">
      <Filter>HedgehogEngine\LightField</Filter>
    </ClCompile>
    <ClCompile Include="BitmapHelper.cpp">
      <Filter>Bitmap</Filter>
    </ClCompile>
    <ClCompile Include="D3D11Device.cpp">
      <Filter>Devices</Filter>
    </ClCompile>
    <ClCompile Include="SHLightField.cpp">
      <Filter>Scene</Filter>
    </ClCompile>
    <ClCompile Include="OptixDenoiserDevice.cpp">
      <Filter>Devices</Filter>
    </ClCompile>
    <ClCompile Include="OidnDenoiserDevice.cpp">
      <Filter>Devices</Filter>
    </ClCompile>
    <ClCompile Include="SeamOptimizer.cpp">
      <Filter>Utilities</Filter>
    </ClCompile>
    <ClCompile Include="..\..\Dependencies\glad\src\glad.c">
      <Filter>Dependencies</Filter>
    </ClCompile>
    <ClCompile Include="Viewport.cpp">
      <Filter>Application</Filter>
    </ClCompile>
    <ClCompile Include="..\..\Dependencies\imgui\backends\imgui_impl_opengl3.cpp">
      <Filter>Dependencies</Filter>
    </ClCompile>
    <ClCompile Include="..\..\Dependencies\imgui\backends\imgui_impl_glfw.cpp">
      <Filter>Dependencies</Filter>
    </ClCompile>
    <ClCompile Include="..\..\Dependencies\imgui\imgui.cpp">
      <Filter>Dependencies</Filter>
    </ClCompile>
    <ClCompile Include="..\..\Dependencies\imgui\imgui_demo.cpp">
      <Filter>Dependencies</Filter>
    </ClCompile>
    <ClCompile Include="..\..\Dependencies\imgui\imgui_draw.cpp">
      <Filter>Dependencies</Filter>
    </ClCompile>
    <ClCompile Include="..\..\Dependencies\imgui\imgui_tables.cpp">
      <Filter>Dependencies</Filter>
    </ClCompile>
    <ClCompile Include="..\..\Dependencies\imgui\imgui_widgets.cpp">
      <Filter>Dependencies</Filter>
    </ClCompile>
    <ClCompile Include="Camera.cpp">
      <Filter>Application</Filter>
    </ClCompile>
    <ClCompile Include="Input.cpp">
      <Filter>Application</Filter>
    </ClCompile>
    <ClCompile Include="Application.cpp">
      <Filter>Application</Filter>
    </ClCompile>
    <ClCompile Include="Texture.cpp">
      <Filter>Rendering\Textures</Filter>
    </ClCompile>
    <ClCompile Include="Framebuffer.cpp">
      <Filter>Rendering\Textures</Filter>
    </ClCompile>
    <ClCompile Include="Buffer.cpp">
      <Filter>Rendering\Buffers</Filter>
    </ClCompile>
    <ClCompile Include="VertexArray.cpp">
      <Filter>Rendering\Arrays</Filter>
    </ClCompile>
    <ClCompile Include="ElementArray.cpp">
      <Filter>Rendering\Arrays</Filter>
    </ClCompile>
    <ClCompile Include="ShaderProgram.cpp">
      <Filter>Rendering\Shaders</Filter>
    </ClCompile>
    <ClCompile Include="Quad.cpp">
      <Filter>Rendering\Primitives</Filter>
    </ClCompile>
    <ClCompile Include="PropertyBag.cpp">
      <Filter>Utilities</Filter>
    </ClCompile>
    <ClCompile Include="FileDialog.cpp">
      <Filter>Utilities</Filter>
    </ClCompile>
    <ClCompile Include="Logger.cpp">
      <Filter>Application</Filter>
    </ClCompile>
    <ClCompile Include="BakeParams.cpp">
      <Filter>Baker</Filter>
    </ClCompile>
    <ClCompile Include="Game.cpp">
      <Filter>Common</Filter>
    </ClCompile>
    <ClCompile Include="SceneEffect.cpp">
      <Filter>Scene</Filter>
    </ClCompile>
    <ClCompile Include="..\..\Dependencies\tinyxml2\tinyxml2.cpp">
      <Filter>Dependencies</Filter>
    </ClCompile>
    <ClCompile Include="Model.cpp">
      <Filter>Scene</Filter>
    </ClCompile>
    <ClCompile Include="..\..\Dependencies\xatlas\xatlas.cpp">
      <Filter>Dependencies</Filter>
    </ClCompile>
    <ClCompile Include="..\..\Dependencies\meshoptimizer\allocator.cpp">
      <Filter>Dependencies</Filter>
    </ClCompile>
    <ClCompile Include="..\..\Dependencies\meshoptimizer\clusterizer.cpp">
      <Filter>Dependencies</Filter>
    </ClCompile>
    <ClCompile Include="..\..\Dependencies\meshoptimizer\indexcodec.cpp">
      <Filter>Dependencies</Filter>
    </ClCompile>
    <ClCompile Include="..\..\Dependencies\meshoptimizer\indexgenerator.cpp">
      <Filter>Dependencies</Filter>
    </ClCompile>
    <ClCompile Include="..\..\Dependencies\meshoptimizer\overdrawanalyzer.cpp">
      <Filter>Dependencies</Filter>
    </ClCompile>
    <ClCompile Include="..\..\Dependencies\meshoptimizer\overdrawoptimizer.cpp">
      <Filter>Dependencies</Filter>
    </ClCompile>
    <ClCompile Include="..\..\Dependencies\meshoptimizer\simplifier.cpp">
      <Filter>Dependencies</Filter>
    </ClCompile>
    <ClCompile Include="..\..\Dependencies\meshoptimizer\spatialorder.cpp">
      <Filter>Dependencies</Filter>
    </ClCompile>
    <ClCompile Include="..\..\Dependencies\meshoptimizer\stripifier.cpp">
      <Filter>Dependencies</Filter>
    </ClCompile>
    <ClCompile Include="..\..\Dependencies\meshoptimizer\vcacheanalyzer.cpp">
      <Filter>Dependencies</Filter>
    </ClCompile>
    <ClCompile Include="..\..\Dependencies\meshoptimizer\vcacheoptimizer.cpp">
      <Filter>Dependencies</Filter>
    </ClCompile>
    <ClCompile Include="..\..\Dependencies\meshoptimizer\vertexcodec.cpp">
      <Filter>Dependencies</Filter>
    </ClCompile>
    <ClCompile Include="..\..\Dependencies\meshoptimizer\vertexfilter.cpp">
      <Filter>Dependencies</Filter>
    </ClCompile>
    <ClCompile Include="..\..\Dependencies\meshoptimizer\vfetchanalyzer.cpp">
      <Filter>Dependencies</Filter>
    </ClCompile>
    <ClCompile Include="..\..\Dependencies\meshoptimizer\vfetchoptimizer.cpp">
      <Filter>Dependencies</Filter>
    </ClCompile>
    <ClCompile Include="UV2Mapper.cpp">
      <Filter>Utilities</Filter>
    </ClCompile>
    <ClCompile Include="ModelProcessor.cpp">
      <Filter>Utilities</Filter>
    </ClCompile>
    <ClCompile Include="VertexColorRemover.cpp">
      <Filter>Utilities</Filter>
    </ClCompile>
    <ClCompile Include="MeshOptimizer.cpp">
      <Filter>Utilities</Filter>
    </ClCompile>
    <ClCompile Include="PostRender.cpp">
      <Filter>Utilities</Filter>
    </ClCompile>
    <ClCompile Include="LightBVH.cpp">
      <Filter>Scene</Filter>
    </ClCompile>
  </ItemGroup>
  <ItemGroup>
    <ClInclude Include="Pch.h" />
    <ClInclude Include="Scene.h">
      <Filter>Scene</Filter>
    </ClInclude>
    <ClInclude Include="Material.h">
      <Filter>Scene</Filter>
    </ClInclude>
    <ClInclude Include="Mesh.h">
      <Filter>Scene</Filter>
    </ClInclude>
    <ClInclude Include="Instance.h">
      <Filter>Scene</Filter>
    </ClInclude>
    <ClInclude Include="SceneFactory.h">
      <Filter>Scene</Filter>
    </ClInclude>
    <ClInclude Include="Light.h">
      <Filter>Scene</Filter>
    </ClInclude>
    <ClInclude Include="RaytracingDevice.h">
      <Filter>Devices</Filter>
    </ClInclude>
    <ClInclude Include="Bitmap.h">
      <Filter>Bitmap</Filter>
    </ClInclude>
    <ClInclude Include="GIBaker.h">
      <Filter>Baker\Subclasses</Filter>
    </ClInclude>
    <ClInclude Include="LightFieldBaker.h">
      <Filter>Baker\Subclasses</Filter>
    </ClInclude>
    <ClInclude Include="SGGIBaker.h">
      <Filter>Baker\Subclasses</Filter>
    </ClInclude>
    <ClInclude Include="SHLightFieldBaker.h">
      <Filter>Baker\Subclasses</Filter>
    </ClInclude>
    <ClInclude Include="FileStream.h">
      <Filter>Common</Filter>
    </ClInclude>
    <ClInclude Include="Math.h">
      <Filter>Common</Filter>
    </ClInclude>
    <ClInclude Include="Utilities.h">
      <Filter>Common</Filter>
    </ClInclude>
    <ClInclude Include="Random.h">
      <Filter>Common</Filter>
    </ClInclude>
    <ClInclude Include="BakingFactory.h">
      <Filter>Baker</Filter>
    </ClInclude>
    <ClInclude Include="BakePoint.h">
      <Filter>Baker</Filter>
    </ClInclude>
    <ClInclude Include="LightField.h">
      <Filter>HedgehogEngine\LightField</Filter>
    </ClInclude>
    <ClInclude Include="BitmapHelper.h">
      <Filter>Bitmap</Filter>
    </ClInclude>
    <ClInclude Include="D3D11Device.h">
      <Filter>Devices</Filter>
    </ClInclude>
    <ClInclude Include="hl_hh_light.h">
      <Filter>HedgehogEngine</Filter>
    </ClInclude>
    <ClInclude Include="SHLightField.h">
      <Filter>Scene</Filter>
    </ClInclude>
    <ClInclude Include="hl_hh_shlf.h">
      <Filter>HedgehogEngine\LightField</Filter>
    </ClInclude>
    <ClInclude Include="OptixDenoiserDevice.h">
      <Filter>Devices</Filter>
    </ClInclude>
    <ClInclude Include="OidnDenoiserDevice.h">
      <Filter>Devices</Filter>
    </ClInclude>
    <ClInclude Include="SeamOptimizer.h">
      <Filter>Utilities</Filter>
    </ClInclude>
    <ClInclude Include="Viewport.h">
      <Filter>Application</Filter>
    </ClInclude>
    <ClInclude Include="Camera.h">
      <Filter>Application</Filter>
    </ClInclude>
    <ClInclude Include="Input.h">
      <Filter>Application</Filter>
    </ClInclude>
    <ClInclude Include="Application.h">
      <Filter>Application</Filter>
    </ClInclude>
    <ClInclude Include="Texture.h">
      <Filter>Rendering\Textures</Filter>
    </ClInclude>
    <ClInclude Include="Framebuffer.h">
      <Filter>Rendering\Textures</Filter>
    </ClInclude>
    <ClInclude Include="Buffer.h">
      <Filter>Rendering\Buffers</Filter>
    </ClInclude>
    <ClInclude Include="VertexArray.h">
      <Filter>Rendering\Arrays</Filter>
    </ClInclude>
    <ClInclude Include="ElementArray.h">
      <Filter>Rendering\Arrays</Filter>
    </ClInclude>
    <ClInclude Include="ShaderProgram.h">
      <Filter>Rendering\Shaders</Filter>
    </ClInclude>
    <ClInclude Include="Quad.h">
      <Filter>Rendering\Primitives</Filter>
    </ClInclude>
    <ClInclude Include="PropertyBag.h">
      <Filter>Utilities</Filter>
    </ClInclude>
    <ClInclude Include="FileDialog.h">
      <Filter>Utilities</Filter>
    </ClInclude>
    <ClInclude Include="Logger.h">
      <Filter>Application</Filter>
    </ClInclude>
    <ClInclude Include="BakeParams.h">
      <Filter>Baker</Filter>
    </ClInclude>
    <ClInclude Include="Game.h">
      <Filter>Common</Filter>
    </ClInclude>
    <ClInclude Include="resource.h">
      <Filter>Resources</Filter>
    </ClInclude>
    <ClInclude Include="SceneEffect.h">
      <Filter>Scene</Filter>
    </ClInclude>
    <ClInclude Include="FxSceneData.h">
      <Filter>HedgehogEngine</Filter>
    </ClInclude>
    <ClInclude Include="NeedleFxSceneData.h">
      <Filter>HedgehogEngine</Filter>
    </ClInclude>
    <ClInclude Include="Model.h">
      <Filter>Scene</Filter>
    </ClInclude>
    <ClInclude Include="UV2Mapper.h">
      <Filter>Utilities</Filter>
    </ClInclude>
    <ClInclude Include="ModelProcessor.h">
      <Filter>Utilities</Filter>
    </ClInclude>
    <ClInclude Include="VertexColorRemover.h">
      <Filter>Utilities</Filter>
    </ClInclude>
    <ClInclude Include="MeshOptimizer.h">
      <Filter>Utilities</Filter>
    </ClInclude>
    <ClInclude Include="hl_hh_gi_texture.h">
      <Filter>HedgehogEngine</Filter>
    </ClInclude>
    <ClInclude Include="PostRender.h">
      <Filter>Utilities</Filter>
    </ClInclude>
    <ClInclude Include="LightBVH.h">
      <Filter>Scene</Filter>
    </ClInclude>
  </ItemGroup>
  <ItemGroup>
    <Filter Include="Scene">
      <UniqueIdentifier>{3854e397-03ca-4821-93c4-e8027368f3f8}</UniqueIdentifier>
    </Filter>
    <Filter Include="Baker">
      <UniqueIdentifier>{a8078bea-492c-4297-94b8-fcf84f9a0885}</UniqueIdentifier>
    </Filter>
    <Filter Include="Bitmap">
      <UniqueIdentifier>{c41e70d6-bf3f-4bd7-9ddc-a197effc4613}</UniqueIdentifier>
    </Filter>
    <Filter Include="Devices">
      <UniqueIdentifier>{51f4cb31-9de3-4af5-a172-38d41c0a1207}</UniqueIdentifier>
    </Filter>
    <Filter Include="HedgehogEngine">
      <UniqueIdentifier>{2a7d149a-8240-4a09-aba7-3426fa41fe61}</UniqueIdentifier>
    </Filter>
    <Filter Include="HedgehogEngine\LightField">
      <UniqueIdentifier>{827ec09c-29e1-43c9-8ee3-a1421498315f}</UniqueIdentifier>
    </Filter>
    <Filter Include="Baker\Subclasses">
      <UniqueIdentifier>{d2790bb7-5357-4478-98bd-d0cbd9a79a3a}</UniqueIdentifier>
    </Filter>
    <Filter Include="Utilities">
      <UniqueIdentifier>{c66fe44a-b61b-4f92-829c-b97bdb490f6d}</UniqueIdentifier>
    </Filter>
    <Filter Include="Dependencies">
      <UniqueIdentifier>{db8feea6-5593-4d28-8818-607a9a41bfe6}</UniqueIdentifier>
    </Filter>
    <Filter Include="Application">
      <UniqueIdentifier>{2960306b-f0d9-4be6-a66f-86219aaa9e32}</UniqueIdentifier>
    </Filter>
    <Filter Include="Resources">
      <UniqueIdentifier>{c1e56859-279b-4164-86f8-ded18a81c252}</UniqueIdentifier>
    </Filter>
    <Filter Include="Resources\Shaders">
      <UniqueIdentifier>{6edd310e-93da-45ae-998f-338637946dbe}</UniqueIdentifier>
    </Filter>
    <Filter Include="Rendering">
      <UniqueIdentifier>{d16e38e0-286e-4c16-a928-d4a314f73cb4}</UniqueIdentifier>
    </Filter>
    <Filter Include="Rendering\Textures">
      <UniqueIdentifier>{f85918b8-2fa1-4936-9091-91a4bced1e8e}</UniqueIdentifier>
    </Filter>
    <Filter Include="Rendering\Buffers">
      <UniqueIdentifier>{72514963-717f-4ece-aa61-211b939172b1}</UniqueIdentifier>
    </Filter>
    <Filter Include="Rendering\Arrays">
      <UniqueIdentifier>{15c722a6-e2d7-465a-8b4d-2f71410a11f7}</UniqueIdentifier>
    </Filter>
    <Filter Include="Rendering\Shaders">
      <UniqueIdentifier>{5b6cf737-d983-40ff-b8a7-f1f390d6f257}</UniqueIdentifier>
    </Filter>
    <Filter Include="Rendering\Primitives">
      <UniqueIdentifier>{ba7fca39-4b78-4ff6-a289-733dd22d8abb}</UniqueIdentifier>
    </Filter>
    <Filter Include="Resources\Shaders\ToneMap">
      <UniqueIdentifier>{98a68785-cfcd-4b1d-beb5-3529e1b778ee}</UniqueIdentifier>
    </Filter>
    <Filter Include="Common">
      <UniqueIdentifier>{88f2083c-2ca3-4355-b131-bc0be26ef292}</UniqueIdentifier>
    </Filter>
  </ItemGroup>
  <ItemGroup>
    <ResourceCompile Include="HedgeGI.rc">
      <Filter>Resources</Filter>
    </ResourceCompile>
  </ItemGroup>
  <ItemGroup>
    <None Include="CopyTexture.frag.glsl">
      <Filter>Resources\Shaders\ToneMap</Filter>
    </None>
    <None Include="CopyTexture.vert.glsl">
      <Filter>Resources\Shaders\ToneMap</Filter>
    </None>
    <None Include="ToneMap.frag.glsl">
      <Filter>Resources\Shaders\ToneMap</Filter>
    </None>
    <None Include="ToneMap.vert.glsl">
      <Filter>Resources\Shaders\ToneMap</Filter>
    </None>
  </ItemGroup>
</Project>