<?xml version="1.0" encoding="utf-8"?>
<Project ToolsVersion="4.0" xmlns="http://schemas.microsoft.com/developer/msbuild/2003">
  <ItemGroup>
    <ClCompile Include="Pch.cpp" />
    <ClCompile Include="Scene.cpp">
      <Filter>Scene</Filter>
    </ClCompile>
    <ClCompile Include="Material.cpp">
      <Filter>Scene</Filter>
    </ClCompile>
    <ClCompile Include="Mesh.cpp">
      <Filter>Scene</Filter>
    </ClCompile>
    <ClCompile Include="Instance.cpp">
      <Filter>Scene</Filter>
    </ClCompile>
    <ClCompile Include="SceneFactory.cpp">
      <Filter>Scene</Filter>
    </ClCompile>
    <ClCompile Include="Light.cpp">
      <Filter>Scene</Filter>
    </ClCompile>
    <ClCompile Include="RaytracingDevice.cpp">
      <Filter>Devices</Filter>
    </ClCompile>
    <ClCompile Include="BakingFactory.cpp">
      <Filter>Baker</Filter>
    </ClCompile>
    <ClCompile Include="Bitmap.cpp">
      <Filter>Bitmap</Filter>
    </ClCompile>
    <ClCompile Include="Main.cpp" />
    <ClCompile Include="GIBaker.cpp">
      <Filter>Baker\Subclasses</Filter>
    </ClCompile>
    <ClCompile Include="LightFieldBaker.cpp">
      <Filter>Baker\Subclasses</Filter>
    </ClCompile>
    <ClCompile Include="SGGIBaker.cpp">
      <Filter>Baker\Subclasses</Filter>
    </ClCompile>
    <ClCompile Include="SHLightFieldBaker.cpp">
      <Filter>Baker\Subclasses</Filter>
    </ClCompile>
    <ClCompile Include="LightField.cpp">
      <Filter>HedgehogEngine\LightField</Filter>
    </ClCompile>
    <ClCompile Include="BitmapHelper.cpp">
      <Filter>Bitmap</Filter>
    </ClCompile>
    <ClCompile Include="D3D11Device.cpp">
      <Filter>Devices</Filter>
    </ClCompile>
    <ClCompile Include="SHLightField.cpp">
      <Filter>Scene</Filter>
    </ClCompile>
    <ClCompile Include="OptixDenoiserDevice.cpp">
      <Filter>Devices</Filter>
    </ClCompile>
    <ClCompile Include="OidnDenoiserDevice.cpp">
      <Filter>Devices</Filter>
    </ClCompile>
  </ItemGroup>
  <ItemGroup>
    <ClInclude Include="Pch.h" />
    <ClInclude Include="Scene.h">
      <Filter>Scene</Filter>
    </ClInclude>
    <ClInclude Include="Material.h">
      <Filter>Scene</Filter>
    </ClInclude>
    <ClInclude Include="Mesh.h">
      <Filter>Scene</Filter>
    </ClInclude>
    <ClInclude Include="Instance.h">
      <Filter>Scene</Filter>
    </ClInclude>
    <ClInclude Include="SceneFactory.h">
      <Filter>Scene</Filter>
    </ClInclude>
    <ClInclude Include="Light.h">
      <Filter>Scene</Filter>
    </ClInclude>
    <ClInclude Include="RaytracingDevice.h">
      <Filter>Devices</Filter>
    </ClInclude>
    <ClInclude Include="Bitmap.h">
      <Filter>Bitmap</Filter>
    </ClInclude>
    <ClInclude Include="GIBaker.h">
      <Filter>Baker\Subclasses</Filter>
    </ClInclude>
    <ClInclude Include="LightFieldBaker.h">
      <Filter>Baker\Subclasses</Filter>
    </ClInclude>
    <ClInclude Include="SGGIBaker.h">
      <Filter>Baker\Subclasses</Filter>
    </ClInclude>
    <ClInclude Include="SHLightFieldBaker.h">
      <Filter>Baker\Subclasses</Filter>
    </ClInclude>
    <ClInclude Include="FileStream.h">
      <Filter>Other</Filter>
    </ClInclude>
    <ClInclude Include="Math.h">
      <Filter>Other</Filter>
    </ClInclude>
    <ClInclude Include="Path.h">
      <Filter>Other</Filter>
    </ClInclude>
    <ClInclude Include="Random.h">
      <Filter>Other</Filter>
    </ClInclude>
    <ClInclude Include="BakingFactory.h">
      <Filter>Baker</Filter>
    </ClInclude>
    <ClInclude Include="BakePoint.h">
      <Filter>Baker</Filter>
    </ClInclude>
    <ClInclude Include="LightField.h">
      <Filter>HedgehogEngine\LightField</Filter>
    </ClInclude>
    <ClInclude Include="BitmapHelper.h">
      <Filter>Bitmap</Filter>
    </ClInclude>
    <ClInclude Include="D3D11Device.h">
      <Filter>Devices</Filter>
    </ClInclude>
    <ClInclude Include="hl_hh_light.h">
      <Filter>HedgehogEngine</Filter>
    </ClInclude>
    <ClInclude Include="SHLightField.h">
      <Filter>Scene</Filter>
    </ClInclude>
    <ClInclude Include="hl_hh_shlf.h">
      <Filter>HedgehogEngine\LightField</Filter>
    </ClInclude>
    <ClInclude Include="OptixDenoiserDevice.h">
      <Filter>Devices</Filter>
    </ClInclude>
    <ClInclude Include="OidnDenoiserDevice.h">
      <Filter>Devices</Filter>
    </ClInclude>
  </ItemGroup>
  <ItemGroup>
    <Filter Include="Scene">
      <UniqueIdentifier>{3854e397-03ca-4821-93c4-e8027368f3f8}</UniqueIdentifier>
    </Filter>
    <Filter Include="Baker">
      <UniqueIdentifier>{a8078bea-492c-4297-94b8-fcf84f9a0885}</UniqueIdentifier>
    </Filter>
    <Filter Include="Other">
      <UniqueIdentifier>{88f2083c-2ca3-4355-b131-bc0be26ef292}</UniqueIdentifier>
    </Filter>
    <Filter Include="Bitmap">
      <UniqueIdentifier>{c41e70d6-bf3f-4bd7-9ddc-a197effc4613}</UniqueIdentifier>
    </Filter>
    <Filter Include="Devices">
      <UniqueIdentifier>{51f4cb31-9de3-4af5-a172-38d41c0a1207}</UniqueIdentifier>
    </Filter>
    <Filter Include="HedgehogEngine">
      <UniqueIdentifier>{2a7d149a-8240-4a09-aba7-3426fa41fe61}</UniqueIdentifier>
    </Filter>
    <Filter Include="HedgehogEngine\LightField">
      <UniqueIdentifier>{827ec09c-29e1-43c9-8ee3-a1421498315f}</UniqueIdentifier>
    </Filter>
    <Filter Include="Baker\Subclasses">
      <UniqueIdentifier>{d2790bb7-5357-4478-98bd-d0cbd9a79a3a}</UniqueIdentifier>
    </Filter>
  </ItemGroup>
</Project>