
Microsoft Visual Studio Solution File, Format Version 12.00
# Visual Studio Version 16
VisualStudioVersion = 16.0.30011.22
MinimumVisualStudioVersion = 10.0.40219.1
Project("{8BC9CEB8-8B4A-11D0-8D11-00A0C91BC942}") = "HedgeGI", "HedgeGI\HedgeGI.vcxproj", "{46BE8DED-D710-46A3-BBD2-E566A6828225}"
EndProject
Project("{8BC9CEB8-8B4A-11D0-8D11-00A0C91BC942}") = "HedgeLib", "..\Dependencies\HedgeLib\HedgeLib\HedgeLib.vcxproj", "{B98FB53D-A55C-1049-CE75-FEF0BAA145D7}"
EndProject
Project("{8BC9CEB8-8B4A-11D0-8D11-00A0C91BC942}") = "DirectXTex", "..\Dependencies\DirectXTex\DirectXTex\DirectXTex_Desktop_2019.vcxproj", "{371B9FA9-4C90-4AC6-A123-ACED756D6C77}"
EndProject
Global
	GlobalSection(SolutionConfigurationPlatforms) = preSolution
		Debug|x64 = Debug|x64
		Release|x64 = Release|x64
	EndGlobalSection
	GlobalSection(ProjectConfigurationPlatforms) = postSolution
		{46BE8DED-D710-46A3-BBD2-E566A6828225}.Debug|x64.ActiveCfg = Debug|x64
		{46BE8DED-D710-46A3-BBD2-E566A6828225}.Debug|x64.Build.0 = Debug|x64
		{46BE8DED-D710-46A3-BBD2-E566A6828225}.Release|x64.ActiveCfg = Release|x64
		{46BE8DED-D710-46A3-BBD2-E566A6828225}.Release|x64.Build.0 = Release|x64
		{B98FB53D-A55C-1049-CE75-FEF0BAA145D7}.Debug|x64.ActiveCfg = Debug|x64
		{B98FB53D-A55C-1049-CE75-FEF0BAA145D7}.Debug|x64.Build.0 = Debug|x64
		{B98FB53D-A55C-1049-CE75-FEF0BAA145D7}.Release|x64.ActiveCfg = Release|x64
		{B98FB53D-A55C-1049-CE75-FEF0BAA145D7}.Release|x64.Build.0 = Release|x64
		{371B9FA9-4C90-4AC6-A123-ACED756D6C77}.Debug|x64.ActiveCfg = Debug|x64
		{371B9FA9-4C90-4AC6-A123-ACED756D6C77}.Debug|x64.Build.0 = Debug|x64
		{371B9FA9-4C90-4AC6-A123-ACED756D6C77}.Release|x64.ActiveCfg = Release|x64
		{371B9FA9-4C90-4AC6-A123-ACED756D6C77}.Release|x64.Build.0 = Release|x64
	EndGlobalSection
	GlobalSection(SolutionProperties) = preSolution
		HideSolutionNode = FALSE
	EndGlobalSection
	GlobalSection(ExtensibilityGlobals) = postSolution
		SolutionGuid = {0D1F9B08-3A75-4F1B-A032-4A98C9C9AF0A}
	EndGlobalSection
EndGlobal
